
Microsoft Visual Studio Solution File, Format Version 12.00
# Visual Studio Version 17
VisualStudioVersion = 17.11.35327.3
MinimumVisualStudioVersion = 10.0.40219.1
Project("{FAE04EC0-301F-11D3-BF4B-00C04F79EFBC}") = "SnakeGame", "SnakeGame\SnakeGame.csproj", "{D818FCAC-B7B2-4218-A3C9-F6D6DBCB4C84}"
EndProject
Global
	GlobalSection(SolutionConfigurationPlatforms) = preSolution
		Debug|Any CPU = Debug|Any CPU
		Release|Any CPU = Release|Any CPU
	EndGlobalSection
	GlobalSection(ProjectConfigurationPlatforms) = postSolution
		{D818FCAC-B7B2-4218-A3C9-F6D6DBCB4C84}.Debug|Any CPU.ActiveCfg = Debug|Any CPU
		{D818FCAC-B7B2-4218-A3C9-F6D6DBCB4C84}.Debug|Any CPU.Build.0 = Debug|Any CPU
		{D818FCAC-B7B2-4218-A3C9-F6D6DBCB4C84}.Release|Any CPU.ActiveCfg = Release|Any CPU
		{D818FCAC-B7B2-4218-A3C9-F6D6DBCB4C84}.Release|Any CPU.Build.0 = Release|Any CPU
	EndGlobalSection
	GlobalSection(SolutionProperties) = preSolution
		HideSolutionNode = FALSE
	EndGlobalSection
	GlobalSection(ExtensibilityGlobals) = postSolution
		SolutionGuid = {EE09A0B8-E4AC-4DA5-ABB3-FC0C901F4412}
	EndGlobalSection
EndGlobal
